version = 1
revision = 1
requires-python = ">=3.10"

[[package]]
name = "java-gradescope-autograder-helper"
version = "1.2.5"
source = { editable = "." }

[package.dev-dependencies]
dev = [
    { name = "java-gradescope-autograder-helper" },
]

[package.metadata.requires-dev]
dev = [{ name = "java-gradescope-autograder-helper", editable = "." }]
