version = 1
revision = 1
requires-python = ">=3.10.6"

[[package]]
name = "java-gradescope-autograder-helper"
version = "1.0.0"
source = { editable = "." }

[package.dev-dependencies]
dev = [
    { name = "java-gradescope-autograder-helper" },
]

[package.metadata]

[package.metadata.requires-dev]
dev = [{ name = "java-gradescope-autograder-helper", editable = "." }]
